// !$*UTF8*$!
{
	archiveVersion = 1;
	classes = {
	};
	objectVersion = 50;
	objects = {

/* Begin PBXBuildFile section */
		9B93CBA124BC3C1B0087221F /* AppDelegate.swift in Sources */ = {isa = PBXBuildFile; fileRef = 9B93CBA024BC3C1B0087221F /* AppDelegate.swift */; };
		9B93CBA324BC3C1B0087221F /* SceneDelegate.swift in Sources */ = {isa = PBXBuildFile; fileRef = 9B93CBA224BC3C1B0087221F /* SceneDelegate.swift */; };
		9B93CBA524BC3C1B0087221F /* EmojiMemoryGameView.swift in Sources */ = {isa = PBXBuildFile; fileRef = 9B93CBA424BC3C1B0087221F /* EmojiMemoryGameView.swift */; };
		9B93CBA724BC3C1C0087221F /* Assets.xcassets in Resources */ = {isa = PBXBuildFile; fileRef = 9B93CBA624BC3C1C0087221F /* Assets.xcassets */; };
		9B93CBAA24BC3C1C0087221F /* Preview Assets.xcassets in Resources */ = {isa = PBXBuildFile; fileRef = 9B93CBA924BC3C1C0087221F /* Preview Assets.xcassets */; };
		9B93CBAD24BC3C1C0087221F /* LaunchScreen.storyboard in Resources */ = {isa = PBXBuildFile; fileRef = 9B93CBAB24BC3C1C0087221F /* LaunchScreen.storyboard */; };
		9B93CBB524BC60DE0087221F /* MemoryGame.swift in Sources */ = {isa = PBXBuildFile; fileRef = 9B93CBB424BC60DE0087221F /* MemoryGame.swift */; };
		9B93CBB724BC62D60087221F /* EmojiMemoryGame.swift in Sources */ = {isa = PBXBuildFile; fileRef = 9B93CBB624BC62D60087221F /* EmojiMemoryGame.swift */; };
/* End PBXBuildFile section */

/* Begin PBXFileReference section */
		9B93CB9D24BC3C1A0087221F /* cs193Memorize.app */ = {isa = PBXFileReference; explicitFileType = wrapper.application; includeInIndex = 0; path = cs193Memorize.app; sourceTree = BUILT_PRODUCTS_DIR; };
		9B93CBA024BC3C1B0087221F /* AppDelegate.swift */ = {isa = PBXFileReference; lastKnownFileType = sourcecode.swift; path = AppDelegate.swift; sourceTree = "<group>"; };
		9B93CBA224BC3C1B0087221F /* SceneDelegate.swift */ = {isa = PBXFileReference; lastKnownFileType = sourcecode.swift; path = SceneDelegate.swift; sourceTree = "<group>"; };
		9B93CBA424BC3C1B0087221F /* EmojiMemoryGameView.swift */ = {isa = PBXFileReference; lastKnownFileType = sourcecode.swift; path = EmojiMemoryGameView.swift; sourceTree = "<group>"; };
		9B93CBA624BC3C1C0087221F /* Assets.xcassets */ = {isa = PBXFileReference; lastKnownFileType = folder.assetcatalog; path = Assets.xcassets; sourceTree = "<group>"; };
		9B93CBA924BC3C1C0087221F /* Preview Assets.xcassets */ = {isa = PBXFileReference; lastKnownFileType = folder.assetcatalog; path = "Preview Assets.xcassets"; sourceTree = "<group>"; };
		9B93CBAC24BC3C1C0087221F /* Base */ = {isa = PBXFileReference; lastKnownFileType = file.storyboard; name = Base; path = Base.lproj/LaunchScreen.storyboard; sourceTree = "<group>"; };
		9B93CBAE24BC3C1C0087221F /* Info.plist */ = {isa = PBXFileReference; lastKnownFileType = text.plist.xml; path = Info.plist; sourceTree = "<group>"; };
		9B93CBB424BC60DE0087221F /* MemoryGame.swift */ = {isa = PBXFileReference; lastKnownFileType = sourcecode.swift; path = MemoryGame.swift; sourceTree = "<group>"; };
		9B93CBB624BC62D60087221F /* EmojiMemoryGame.swift */ = {isa = PBXFileReference; lastKnownFileType = sourcecode.swift; path = EmojiMemoryGame.swift; sourceTree = "<group>"; };
/* End PBXFileReference section */

/* Begin PBXFrameworksBuildPhase section */
		9B93CB9A24BC3C1A0087221F /* Frameworks */ = {
			isa = PBXFrameworksBuildPhase;
			buildActionMask = 2147483647;
			files = (
			);
			runOnlyForDeploymentPostprocessing = 0;
		};
/* End PBXFrameworksBuildPhase section */

/* Begin PBXGroup section */
		9B93CB9424BC3C1A0087221F = {
			isa = PBXGroup;
			children = (
				9B93CB9F24BC3C1B0087221F /* cs193Memorize */,
				9B93CB9E24BC3C1A0087221F /* Products */,
			);
			sourceTree = "<group>";
		};
		9B93CB9E24BC3C1A0087221F /* Products */ = {
			isa = PBXGroup;
			children = (
				9B93CB9D24BC3C1A0087221F /* cs193Memorize.app */,
			);
			name = Products;
			sourceTree = "<group>";
		};
		9B93CB9F24BC3C1B0087221F /* cs193Memorize */ = {
			isa = PBXGroup;
			children = (
				9B93CBA024BC3C1B0087221F /* AppDelegate.swift */,
				9B93CBA224BC3C1B0087221F /* SceneDelegate.swift */,
				9B93CBA424BC3C1B0087221F /* EmojiMemoryGameView.swift */,
				9B93CBB624BC62D60087221F /* EmojiMemoryGame.swift */,
				9B93CBB424BC60DE0087221F /* MemoryGame.swift */,
				9B93CBA624BC3C1C0087221F /* Assets.xcassets */,
				9B93CBAB24BC3C1C0087221F /* LaunchScreen.storyboard */,
				9B93CBAE24BC3C1C0087221F /* Info.plist */,
				9B93CBA824BC3C1C0087221F /* Preview Content */,
			);
			path = cs193Memorize;
			sourceTree = "<group>";
		};
		9B93CBA824BC3C1C0087221F /* Preview Content */ = {
			isa = PBXGroup;
			children = (
				9B93CBA924BC3C1C0087221F /* Preview Assets.xcassets */,
			);
			path = "Preview Content";
			sourceTree = "<group>";
		};
/* End PBXGroup section */

/* Begin PBXNativeTarget section */
		9B93CB9C24BC3C1A0087221F /* cs193Memorize */ = {
			isa = PBXNativeTarget;
			buildConfigurationList = 9B93CBB124BC3C1C0087221F /* Build configuration list for PBXNativeTarget "cs193Memorize" */;
			buildPhases = (
				9B93CB9924BC3C1A0087221F /* Sources */,
				9B93CB9A24BC3C1A0087221F /* Frameworks */,
				9B93CB9B24BC3C1A0087221F /* Resources */,
			);
			buildRules = (
			);
			dependencies = (
			);
			name = cs193Memorize;
			productName = cs193Memorize;
			productReference = 9B93CB9D24BC3C1A0087221F /* cs193Memorize.app */;
			productType = "com.apple.product-type.application";
		};
/* End PBXNativeTarget section */

/* Begin PBXProject section */
		9B93CB9524BC3C1A0087221F /* Project object */ = {
			isa = PBXProject;
			attributes = {
				LastSwiftUpdateCheck = 1140;
				LastUpgradeCheck = 1140;
				ORGANIZATIONNAME = cs193p;
				TargetAttributes = {
					9B93CB9C24BC3C1A0087221F = {
						CreatedOnToolsVersion = 11.4.1;
					};
				};
			};
			buildConfigurationList = 9B93CB9824BC3C1A0087221F /* Build configuration list for PBXProject "cs193Memorize" */;
			compatibilityVersion = "Xcode 9.3";
			developmentRegion = en;
			hasScannedForEncodings = 0;
			knownRegions = (
				en,
				Base,
			);
			mainGroup = 9B93CB9424BC3C1A0087221F;
			productRefGroup = 9B93CB9E24BC3C1A0087221F /* Products */;
			projectDirPath = "";
			projectRoot = "";
			targets = (
				9B93CB9C24BC3C1A0087221F /* cs193Memorize */,
			);
		};
/* End PBXProject section */

/* Begin PBXResourcesBuildPhase section */
		9B93CB9B24BC3C1A0087221F /* Resources */ = {
			isa = PBXResourcesBuildPhase;
			buildActionMask = 2147483647;
			files = (
				9B93CBAD24BC3C1C0087221F /* LaunchScreen.storyboard in Resources */,
				9B93CBAA24BC3C1C0087221F /* Preview Assets.xcassets in Resources */,
				9B93CBA724BC3C1C0087221F /* Assets.xcassets in Resources */,
			);
			runOnlyForDeploymentPostprocessing = 0;
		};
/* End PBXResourcesBuildPhase section */

/* Begin PBXSourcesBuildPhase section */
		9B93CB9924BC3C1A0087221F /* Sources */ = {
			isa = PBXSourcesBuildPhase;
			buildActionMask = 2147483647;
			files = (
				9B93CBA124BC3C1B0087221F /* AppDelegate.swift in Sources */,
				9B93CBA324BC3C1B0087221F /* SceneDelegate.swift in Sources */,
				9B93CBB524BC60DE0087221F /* MemoryGame.swift in Sources */,
				9B93CBA524BC3C1B0087221F /* EmojiMemoryGameView.swift in Sources */,
				9B93CBB724BC62D60087221F /* EmojiMemoryGame.swift in Sources */,
			);
			runOnlyForDeploymentPostprocessing = 0;
		};
/* End PBXSourcesBuildPhase section */

/* Begin PBXVariantGroup section */
		9B93CBAB24BC3C1C0087221F /* LaunchScreen.storyboard */ = {
			isa = PBXVariantGroup;
			children = (
				9B93CBAC24BC3C1C0087221F /* Base */,
			);
			name = LaunchScreen.storyboard;
			sourceTree = "<group>";
		};
/* End PBXVariantGroup section */

/* Begin XCBuildConfiguration section */
		9B93CBAF24BC3C1C0087221F /* Debug */ = {
			isa = XCBuildConfiguration;
			buildSettings = {
				ALWAYS_SEARCH_USER_PATHS = NO;
				CLANG_ANALYZER_NONNULL = YES;
				CLANG_ANALYZER_NUMBER_OBJECT_CONVERSION = YES_AGGRESSIVE;
				CLANG_CXX_LANGUAGE_STANDARD = "gnu++14";
				CLANG_CXX_LIBRARY = "libc++";
				CLANG_ENABLE_MODULES = YES;
				CLANG_ENABLE_OBJC_ARC = YES;
				CLANG_ENABLE_OBJC_WEAK = YES;
				CLANG_WARN_BLOCK_CAPTURE_AUTORELEASING = YES;
				CLANG_WARN_BOOL_CONVERSION = YES;
				CLANG_WARN_COMMA = YES;
				CLANG_WARN_CONSTANT_CONVERSION = YES;
				CLANG_WARN_DEPRECATED_OBJC_IMPLEMENTATIONS = YES;
				CLANG_WARN_DIRECT_OBJC_ISA_USAGE = YES_ERROR;
				CLANG_WARN_DOCUMENTATION_COMMENTS = YES;
				CLANG_WARN_EMPTY_BODY = YES;
				CLANG_WARN_ENUM_CONVERSION = YES;
				CLANG_WARN_INFINITE_RECURSION = YES;
				CLANG_WARN_INT_CONVERSION = YES;
				CLANG_WARN_NON_LITERAL_NULL_CONVERSION = YES;
				CLANG_WARN_OBJC_IMPLICIT_RETAIN_SELF = YES;
				CLANG_WARN_OBJC_LITERAL_CONVERSION = YES;
				CLANG_WARN_OBJC_ROOT_CLASS = YES_ERROR;
				CLANG_WARN_RANGE_LOOP_ANALYSIS = YES;
				CLANG_WARN_STRICT_PROTOTYPES = YES;
				CLANG_WARN_SUSPICIOUS_MOVE = YES;
				CLANG_WARN_UNGUARDED_AVAILABILITY = YES_AGGRESSIVE;
				CLANG_WARN_UNREACHABLE_CODE = YES;
				CLANG_WARN__DUPLICATE_METHOD_MATCH = YES;
				COPY_PHASE_STRIP = NO;
				DEBUG_INFORMATION_FORMAT = dwarf;
				ENABLE_STRICT_OBJC_MSGSEND = YES;
				ENABLE_TESTABILITY = YES;
				GCC_C_LANGUAGE_STANDARD = gnu11;
				GCC_DYNAMIC_NO_PIC = NO;
				GCC_NO_COMMON_BLOCKS = YES;
				GCC_OPTIMIZATION_LEVEL = 0;
				GCC_PREPROCESSOR_DEFINITIONS = (
					"DEBUG=1",
					"$(inherited)",
				);
				GCC_WARN_64_TO_32_BIT_CONVERSION = YES;
				GCC_WARN_ABOUT_RETURN_TYPE = YES_ERROR;
				GCC_WARN_UNDECLARED_SELECTOR = YES;
				GCC_WARN_UNINITIALIZED_AUTOS = YES_AGGRESSIVE;
				GCC_WARN_UNUSED_FUNCTION = YES;
				GCC_WARN_UNUSED_VARIABLE = YES;
				IPHONEOS_DEPLOYMENT_TARGET = 13.4;
				MTL_ENABLE_DEBUG_INFO = INCLUDE_SOURCE;
				MTL_FAST_MATH = YES;
				ONLY_ACTIVE_ARCH = YES;
				SDKROOT = iphoneos;
				SWIFT_ACTIVE_COMPILATION_CONDITIONS = DEBUG;
				SWIFT_OPTIMIZATION_LEVEL = "-Onone";
			};
			name = Debug;
		};
		9B93CBB024BC3C1C0087221F /* Release */ = {
			isa = XCBuildConfiguration;
			buildSettings = {
				ALWAYS_SEARCH_USER_PATHS = NO;
				CLANG_ANALYZER_NONNULL = YES;
				CLANG_ANALYZER_NUMBER_OBJECT_CONVERSION = YES_AGGRESSIVE;
				CLANG_CXX_LANGUAGE_STANDARD = "gnu++14";
				CLANG_CXX_LIBRARY = "libc++";
				CLANG_ENABLE_MODULES = YES;
				CLANG_ENABLE_OBJC_ARC = YES;
				CLANG_ENABLE_OBJC_WEAK = YES;
				CLANG_WARN_BLOCK_CAPTURE_AUTORELEASING = YES;
				CLANG_WARN_BOOL_CONVERSION = YES;
				CLANG_WARN_COMMA = YES;
				CLANG_WARN_CONSTANT_CONVERSION = YES;
				CLANG_WARN_DEPRECATED_OBJC_IMPLEMENTATIONS = YES;
				CLANG_WARN_DIRECT_OBJC_ISA_USAGE = YES_ERROR;
				CLANG_WARN_DOCUMENTATION_COMMENTS = YES;
				CLANG_WARN_EMPTY_BODY = YES;
				CLANG_WARN_ENUM_CONVERSION = YES;
				CLANG_WARN_INFINITE_RECURSION = YES;
				CLANG_WARN_INT_CONVERSION = YES;
				CLANG_WARN_NON_LITERAL_NULL_CONVERSION = YES;
				CLANG_WARN_OBJC_IMPLICIT_RETAIN_SELF = YES;
				CLANG_WARN_OBJC_LITERAL_CONVERSION = YES;
				CLANG_WARN_OBJC_ROOT_CLASS = YES_ERROR;
				CLANG_WARN_RANGE_LOOP_ANALYSIS = YES;
				CLANG_WARN_STRICT_PROTOTYPES = YES;
				CLANG_WARN_SUSPICIOUS_MOVE = YES;
				CLANG_WARN_UNGUARDED_AVAILABILITY = YES_AGGRESSIVE;
				CLANG_WARN_UNREACHABLE_CODE = YES;
				CLANG_WARN__DUPLICATE_METHOD_MATCH = YES;
				COPY_PHASE_STRIP = NO;
				DEBUG_INFORMATION_FORMAT = "dwarf-with-dsym";
				ENABLE_NS_ASSERTIONS = NO;
				ENABLE_STRICT_OBJC_MSGSEND = YES;
				GCC_C_LANGUAGE_STANDARD = gnu11;
				GCC_NO_COMMON_BLOCKS = YES;
				GCC_WARN_64_TO_32_BIT_CONVERSION = YES;
				GCC_WARN_ABOUT_RETURN_TYPE = YES_ERROR;
				GCC_WARN_UNDECLARED_SELECTOR = YES;
				GCC_WARN_UNINITIALIZED_AUTOS = YES_AGGRESSIVE;
				GCC_WARN_UNUSED_FUNCTION = YES;
				GCC_WARN_UNUSED_VARIABLE = YES;
				IPHONEOS_DEPLOYMENT_TARGET = 13.4;
				MTL_ENABLE_DEBUG_INFO = NO;
				MTL_FAST_MATH = YES;
				SDKROOT = iphoneos;
				SWIFT_COMPILATION_MODE = wholemodule;
				SWIFT_OPTIMIZATION_LEVEL = "-O";
				VALIDATE_PRODUCT = YES;
			};
			name = Release;
		};
		9B93CBB224BC3C1C0087221F /* Debug */ = {
			isa = XCBuildConfiguration;
			buildSettings = {
				ASSETCATALOG_COMPILER_APPICON_NAME = AppIcon;
				CODE_SIGN_STYLE = Automatic;
				DEVELOPMENT_ASSET_PATHS = "\"cs193Memorize/Preview Content\"";
				DEVELOPMENT_TEAM = KFNP89NCVV;
				ENABLE_PREVIEWS = YES;
				INFOPLIST_FILE = cs193Memorize/Info.plist;
				LD_RUNPATH_SEARCH_PATHS = (
					"$(inherited)",
					"@executable_path/Frameworks",
				);
				PRODUCT_BUNDLE_IDENTIFIER = com.standford.www.cs193Memorize;
				PRODUCT_NAME = "$(TARGET_NAME)";
				SWIFT_VERSION = 5.0;
				TARGETED_DEVICE_FAMILY = "1,2";
			};
			name = Debug;
		};
		9B93CBB324BC3C1C0087221F /* Release */ = {
			isa = XCBuildConfiguration;
			buildSettings = {
				ASSETCATALOG_COMPILER_APPICON_NAME = AppIcon;
				CODE_SIGN_STYLE = Automatic;
				DEVELOPMENT_ASSET_PATHS = "\"cs193Memorize/Preview Content\"";
				DEVELOPMENT_TEAM = KFNP89NCVV;
				ENABLE_PREVIEWS = YES;
				INFOPLIST_FILE = cs193Memorize/Info.plist;
				LD_RUNPATH_SEARCH_PATHS = (
					"$(inherited)",
					"@executable_path/Frameworks",
				);
				PRODUCT_BUNDLE_IDENTIFIER = com.standford.www.cs193Memorize;
				PRODUCT_NAME = "$(TARGET_NAME)";
				SWIFT_VERSION = 5.0;
				TARGETED_DEVICE_FAMILY = "1,2";
			};
			name = Release;
		};
/* End XCBuildConfiguration section */

/* Begin XCConfigurationList section */
		9B93CB9824BC3C1A0087221F /* Build configuration list for PBXProject "cs193Memorize" */ = {
			isa = XCConfigurationList;
			buildConfigurations = (
				9B93CBAF24BC3C1C0087221F /* Debug */,
				9B93CBB024BC3C1C0087221F /* Release */,
			);
			defaultConfigurationIsVisible = 0;
			defaultConfigurationName = Release;
		};
		9B93CBB124BC3C1C0087221F /* Build configuration list for PBXNativeTarget "cs193Memorize" */ = {
			isa = XCConfigurationList;
			buildConfigurations = (
				9B93CBB224BC3C1C0087221F /* Debug */,
				9B93CBB324BC3C1C0087221F /* Release */,
			);
			defaultConfigurationIsVisible = 0;
			defaultConfigurationName = Release;
		};
/* End XCConfigurationList section */
	};
	rootObject = 9B93CB9524BC3C1A0087221F /* Project object */;
}
